
Microsoft Visual Studio Solution File, Format Version 12.00
# Visual Studio Version 17
VisualStudioVersion = 17.7.34024.191
MinimumVisualStudioVersion = 10.0.40219.1
Project("{FAE04EC0-301F-11D3-BF4B-00C04F79EFBC}") = "classTaxi", "classTaxi\classTaxi.csproj", "{4F0638FE-F0C0-45C4-9308-7EB5AE57E965}"
EndProject
Global
	GlobalSection(SolutionConfigurationPlatforms) = preSolution
		Debug|Any CPU = Debug|Any CPU
		Release|Any CPU = Release|Any CPU
	EndGlobalSection
	GlobalSection(ProjectConfigurationPlatforms) = postSolution
		{4F0638FE-F0C0-45C4-9308-7EB5AE57E965}.Debug|Any CPU.ActiveCfg = Debug|Any CPU
		{4F0638FE-F0C0-45C4-9308-7EB5AE57E965}.Debug|Any CPU.Build.0 = Debug|Any CPU
		{4F0638FE-F0C0-45C4-9308-7EB5AE57E965}.Release|Any CPU.ActiveCfg = Release|Any CPU
		{4F0638FE-F0C0-45C4-9308-7EB5AE57E965}.Release|Any CPU.Build.0 = Release|Any CPU
	EndGlobalSection
	GlobalSection(SolutionProperties) = preSolution
		HideSolutionNode = FALSE
	EndGlobalSection
	GlobalSection(ExtensibilityGlobals) = postSolution
		SolutionGuid = {87AF176B-AAE8-43E8-950A-823B13CD51A4}
	EndGlobalSection
EndGlobal
